{
  "version": 4,
  "terraform_version": "1.8.4",
  "serial": 8,
  "lineage": "a1ca58ec-2be6-eb32-82cf-b5e84b16dcf7",
  "outputs": {},
  "resources": [
    {
      "module": "module.storage",
      "mode": "managed",
      "type": "aws_dynamodb_table",
      "name": "websocket_connections",
      "provider": "provider[\"registry.terraform.io/hashicorp/aws\"]",
      "instances": [
        {
          "schema_version": 1,
          "attributes": {
            "arn": "arn:aws:dynamodb:eu-central-1:455040250439:table/zeiro-dev-websocket-connections",
            "attribute": [
              {
                "name": "gsi1pk",
                "type": "S"
              },
              {
                "name": "gsi1sk",
                "type": "S"
              },
              {
                "name": "pk",
                "type": "S"
              },
              {
                "name": "sk",
                "type": "S"
              }
            ],
            "billing_mode": "PAY_PER_REQUEST",
            "deletion_protection_enabled": false,
            "global_secondary_index": [
              {
                "hash_key": "gsi1pk",
                "name": "gsi1",
                "non_key_attributes": [],
                "on_demand_throughput": [],
                "projection_type": "ALL",
                "range_key": "gsi1sk",
                "read_capacity": 0,
                "write_capacity": 0
              }
            ],
            "hash_key": "pk",
            "id": "zeiro-dev-websocket-connections",
            "import_table": [],
            "local_secondary_index": [],
            "name": "zeiro-dev-websocket-connections",
            "on_demand_throughput": [],
            "point_in_time_recovery": [
              {
                "enabled": false,
                "recovery_period_in_days": 0
              }
            ],
            "range_key": "sk",
            "read_capacity": 0,
            "replica": [],
            "restore_date_time": null,
            "restore_source_name": null,
            "restore_source_table_arn": null,
            "restore_to_latest_time": null,
            "server_side_encryption": [],
            "stream_arn": "",
            "stream_enabled": false,
            "stream_label": "",
            "stream_view_type": "",
            "table_class": "STANDARD",
            "tags": {
              "Application": "zeiro",
              "Description": "WebSocket connections storage",
              "Environment": "dev",
              "Service": "websocket"
            },
            "tags_all": {
              "Application": "zeiro",
              "Description": "WebSocket connections storage",
              "Environment": "dev",
              "Service": "websocket"
            },
            "timeouts": null,
            "ttl": [
              {
                "attribute_name": "expiresAt",
                "enabled": true
              }
            ],
            "write_capacity": 0
          },
          "sensitive_attributes": [],
          "private": "eyJlMmJmYjczMC1lY2FhLTExZTYtOGY4OC0zNDM2M2JjN2M0YzAiOnsiY3JlYXRlIjoxODAwMDAwMDAwMDAwLCJkZWxldGUiOjYwMDAwMDAwMDAwMCwidXBkYXRlIjozNjAwMDAwMDAwMDAwfSwic2NoZW1hX3ZlcnNpb24iOiIxIn0="
        }
      ]
    },
    {
      "module": "module.storage",
      "mode": "managed",
      "type": "aws_ssm_parameter",
      "name": "websocket_connections_table_arn",
      "provider": "provider[\"registry.terraform.io/hashicorp/aws\"]",
      "instances": [
        {
          "schema_version": 0,
          "attributes": {
            "allowed_pattern": "",
            "arn": "arn:aws:ssm:eu-central-1:455040250439:parameter/zeiro/dev/domain/websocket/infrastructure/storage/connections-table/arn",
            "data_type": "text",
            "description": "",
            "has_value_wo": null,
            "id": "/zeiro/dev/domain/websocket/infrastructure/storage/connections-table/arn",
            "insecure_value": null,
            "key_id": "alias/aws/ssm",
            "name": "/zeiro/dev/domain/websocket/infrastructure/storage/connections-table/arn",
            "overwrite": null,
            "tags": {
              "Application": "zeiro",
              "Environment": "dev",
              "Service": "websocket"
            },
            "tags_all": {
              "Application": "zeiro",
              "Environment": "dev",
              "Service": "websocket"
            },
            "tier": "Standard",
            "type": "SecureString",
            "value": "arn:aws:dynamodb:eu-central-1:455040250439:table/zeiro-dev-websocket-connections",
            "value_wo": null,
            "value_wo_version": null,
            "version": 1
          },
          "sensitive_attributes": [
            [
              {
                "type": "get_attr",
                "value": "value_wo"
              }
            ],
            [
              {
                "type": "get_attr",
                "value": "value"
              }
            ]
          ],
          "private": "bnVsbA==",
          "dependencies": [
            "module.storage.aws_dynamodb_table.websocket_connections"
          ]
        }
      ]
    },
    {
      "module": "module.storage",
      "mode": "managed",
      "type": "aws_ssm_parameter",
      "name": "websocket_connections_table_name",
      "provider": "provider[\"registry.terraform.io/hashicorp/aws\"]",
      "instances": [
        {
          "schema_version": 0,
          "attributes": {
            "allowed_pattern": "",
            "arn": "arn:aws:ssm:eu-central-1:455040250439:parameter/zeiro/dev/domain/websocket/infrastructure/storage/connections-table/name",
            "data_type": "text",
            "description": "",
            "has_value_wo": null,
            "id": "/zeiro/dev/domain/websocket/infrastructure/storage/connections-table/name",
            "insecure_value": null,
            "key_id": "alias/aws/ssm",
            "name": "/zeiro/dev/domain/websocket/infrastructure/storage/connections-table/name",
            "overwrite": null,
            "tags": {
              "Application": "zeiro",
              "Environment": "dev",
              "Service": "websocket"
            },
            "tags_all": {
              "Application": "zeiro",
              "Environment": "dev",
              "Service": "websocket"
            },
            "tier": "Standard",
            "type": "SecureString",
            "value": "zeiro-dev-websocket-connections",
            "value_wo": null,
            "value_wo_version": null,
            "version": 1
          },
          "sensitive_attributes": [
            [
              {
                "type": "get_attr",
                "value": "value"
              }
            ],
            [
              {
                "type": "get_attr",
                "value": "value_wo"
              }
            ]
          ],
          "private": "bnVsbA==",
          "dependencies": [
            "module.storage.aws_dynamodb_table.websocket_connections"
          ]
        }
      ]
    }
  ],
  "check_results": null
}
